
Microsoft Visual Studio Solution File, Format Version 12.00
# Visual Studio Version 17
VisualStudioVersion = 17.13.35825.156
MinimumVisualStudioVersion = 10.0.40219.1
Project("{2150E333-8FDC-42A3-9474-1A3956D46DE8}") = "Chapter01", "Chapter01", "{DDB4EF12-CC4E-5E88-E6FC-71A802F4DE97}"
EndProject
Project("{FAE04EC0-301F-11D3-BF4B-00C04F79EFBC}") = "ProductSample", "Chapter01\ProductSample\ProductSample.csproj", "{26BB2910-01A5-466D-AD4F-4D963B8FE932}"
EndProject
Project("{2150E333-8FDC-42A3-9474-1A3956D46DE8}") = "Chapter02", "Chapter02", "{B48033F8-D5B5-45B8-BB0F-C23FCEA5B61F}"
EndProject
Project("{FAE04EC0-301F-11D3-BF4B-00C04F79EFBC}") = "DistanceConverter", "Chapter02\DistanceConverter\DistanceConverter.csproj", "{B2E13073-854D-46D0-B856-7CF4E9C61DDE}"
EndProject
Project("{2150E333-8FDC-42A3-9474-1A3956D46DE8}") = "演習問題", "演習問題", "{4D25C4EA-F807-4809-A2A9-A5EDB038F850}"
EndProject
Project("{FAE04EC0-301F-11D3-BF4B-00C04F79EFBC}") = "Exercise02", "Chapter02\演習問題\Exercise02\Exercise02.csproj", "{AA45B8D9-68BD-4618-A03F-10EEC94FFE9A}"
EndProject
Project("{2150E333-8FDC-42A3-9474-1A3956D46DE8}") = "距離換算プログラム", "距離換算プログラム", "{45D24EC0-FE8C-4AED-A599-EA3EB3B84484}"
EndProject
Project("{2150E333-8FDC-42A3-9474-1A3956D46DE8}") = "FromApps", "FromApps", "{D7AA9B76-5DA8-4855-9D38-10CC93682B4F}"
EndProject
Project("{FAE04EC0-301F-11D3-BF4B-00C04F79EFBC}") = "UnitConverter", "FormApps\UnitConverter\UnitConverter.csproj", "{EE3ABA68-FF7E-4368-AB22-14B072D909F5}"
EndProject
Project("{FAE04EC0-301F-11D3-BF4B-00C04F79EFBC}") = "StopWatch", "FormApps\StopWatch\StopWatch.csproj", "{F5972D75-45FA-4518-A685-12954C7E6DD1}"
EndProject
Project("{2150E333-8FDC-42A3-9474-1A3956D46DE8}") = "売り上げ集計プログラム", "売り上げ集計プログラム", "{F51C61B4-7F74-471B-BB66-90CA707DC295}"
EndProject
Project("{FAE04EC0-301F-11D3-BF4B-00C04F79EFBC}") = "SalesCalculator", "Chapter02\SalesCalculator\SalesCalculator.csproj", "{7CCA7F05-ADD8-47F3-A058-3E014C8E96D3}"
EndProject
Project("{FAE04EC0-301F-11D3-BF4B-00C04F79EFBC}") = "Exercise01", "Chapter02\演習問題\Exercise01\Exercise01.csproj", "{E9EFD879-773B-4AE0-9C9F-7B8310D9DA9F}"
EndProject
Project("{2150E333-8FDC-42A3-9474-1A3956D46DE8}") = "Chapter03", "Chapter03", "{A8D4A5E7-0DA7-4D16-8432-1C619CC0943E}"
EndProject
Project("{FAE04EC0-301F-11D3-BF4B-00C04F79EFBC}") = "Section01", "Chapter03\Section01\Section01.csproj", "{6CE2130A-738B-4D24-9713-A54BDA21D6D4}"
EndProject
Project("{2150E333-8FDC-42A3-9474-1A3956D46DE8}") = "演習問題", "演習問題", "{215D8BF4-5BDC-4B50-9CE7-F8F2B50651E1}"
EndProject
Project("{FAE04EC0-301F-11D3-BF4B-00C04F79EFBC}") = "Exercise02", "Chapter03\演習問題\Exercise02\Exercise02.csproj", "{B55F1F88-561E-446B-8CC8-E6ACC85CA23B}"
EndProject
Project("{FAE04EC0-301F-11D3-BF4B-00C04F79EFBC}") = "Section04", "Chapter03\Section04\Section04.csproj", "{4E87F026-8AC5-4996-9EC2-A19AB7E34039}"
EndProject
Project("{FAE04EC0-301F-11D3-BF4B-00C04F79EFBC}") = "Exercise01", "Chapter03\演習問題\Exercise01\Exercise01.csproj", "{D74C01C4-2CF7-42FE-84B5-3B7BC137D4DE}"
EndProject
Project("{2150E333-8FDC-42A3-9474-1A3956D46DE8}") = "Chapter04", "Chapter04", "{1626936F-7E69-4DB7-8129-10E7BE8B4DDC}"
EndProject
Project("{FAE04EC0-301F-11D3-BF4B-00C04F79EFBC}") = "Section04", "Chapter04\Section04\Section04.csproj", "{DE52B527-7115-4292-AA62-FF765672A45F}"
EndProject
Project("{2150E333-8FDC-42A3-9474-1A3956D46DE8}") = "演習問題", "演習問題", "{5BA530F1-B48E-4FE6-9AF7-01A945831818}"
EndProject
Project("{FAE04EC0-301F-11D3-BF4B-00C04F79EFBC}") = "Exercise01", "Chapter04\演習問題\Exercise01\Exercise01.csproj", "{66F0A54B-B906-4385-92AA-D16B329B3C51}"
EndProject
Project("{FAE04EC0-301F-11D3-BF4B-00C04F79EFBC}") = "Exercise02", "Chapter04\演習問題\Exercise02\Exercise02.csproj", "{C1C2D5DB-3B4E-4470-AF8C-53CC381C403F}"
EndProject
Project("{2150E333-8FDC-42A3-9474-1A3956D46DE8}") = "LINQ", "LINQ", "{9D51476F-5474-4BB3-83D5-B06EBDB79F0F}"
EndProject
Project("{FAE04EC0-301F-11D3-BF4B-00C04F79EFBC}") = "LinqSample", "LINQ\LinqSample\LinqSample.csproj", "{D77BE842-BB61-408D-8DE0-8714790DBB19}"
EndProject
Project("{2150E333-8FDC-42A3-9474-1A3956D46DE8}") = "Chapter07", "Chapter07", "{A804472E-687E-4A26-B293-97DA1763802A}"
EndProject
Project("{2150E333-8FDC-42A3-9474-1A3956D46DE8}") = "演習問題", "演習問題", "{C5B8DC8F-24FE-4CF0-B69A-53EF836561EC}"
EndProject
Project("{FAE04EC0-301F-11D3-BF4B-00C04F79EFBC}") = "Exercise01", "Chapter07\演習問題\Exercise01\Exercise01.csproj", "{38ECC6AF-0D01-4A03-853E-92F51A6AB3DE}"
EndProject
Project("{FAE04EC0-301F-11D3-BF4B-00C04F79EFBC}") = "Section01", "Chapter07\Section01\Section01.csproj", "{5804AAEC-7B6A-449F-AD92-480B89F43F09}"
EndProject
Project("{FAE04EC0-301F-11D3-BF4B-00C04F79EFBC}") = "Section05", "Chapter07\Section05\Section05.csproj", "{765063F6-1121-4655-A204-74108437D802}"
EndProject
Project("{FAE04EC0-301F-11D3-BF4B-00C04F79EFBC}") = "Exercise02", "Chapter07\演習問題\Exercise02\Exercise02.csproj", "{649AB85D-1FA3-4065-97D0-D22A6FE0DFE4}"
EndProject
Project("{2150E333-8FDC-42A3-9474-1A3956D46DE8}") = "Chapter06", "Chapter06", "{CE6BFAF8-D85C-442D-A1AF-97FF5415A7C8}"
EndProject
Project("{FAE04EC0-301F-11D3-BF4B-00C04F79EFBC}") = "Section01", "Chapter06\Section01\Section01.csproj", "{E103F20A-CA01-49B5-B171-6DAC0C896F66}"
EndProject
Project("{2150E333-8FDC-42A3-9474-1A3956D46DE8}") = "演習問題", "演習問題", "{AD541B83-7237-48BE-B22F-1BD8AB8FBC91}"
EndProject
Project("{FAE04EC0-301F-11D3-BF4B-00C04F79EFBC}") = "Exercise01", "Chapter06\演習問題\Exercise01\Exercise01.csproj", "{1E955C62-F7A3-4439-BE9B-40F1F503FC63}"
EndProject
Project("{FAE04EC0-301F-11D3-BF4B-00C04F79EFBC}") = "Exercise03", "Chapter06\演習問題\Exercise03\Exercise03.csproj", "{C7E584E0-C993-4C9D-BA3B-A03CD2059051}"
EndProject
Project("{FAE04EC0-301F-11D3-BF4B-00C04F79EFBC}") = "Exercise02", "Chapter06\演習問題\Exercise02\Exercise02.csproj", "{9605B4B8-0A34-BDE4-CFD2-F49073E3B9EF}"
EndProject
Project("{FAE04EC0-301F-11D3-BF4B-00C04F79EFBC}") = "Exercise04", "Chapter06\演習問題\Exercise04\Exercise04.csproj", "{8758FBDB-9295-0DA5-31B6-DA01667F06FB}"
EndProject
Project("{FAE04EC0-301F-11D3-BF4B-00C04F79EFBC}") = "Section03", "Chapter06\Section03\Section03.csproj", "{7FAAA780-536C-4E6E-9A6C-300B007491BF}"
EndProject
Project("{2150E333-8FDC-42A3-9474-1A3956D46DE8}") = "Chapter05", "Chapter05", "{EF10626E-6DCD-4E09-8C3D-445CC5003029}"
EndProject
Project("{2150E333-8FDC-42A3-9474-1A3956D46DE8}") = "演習問題", "演習問題", "{830426C5-C71F-484A-B14C-F6890BDA4B14}"
EndProject
Project("{FAE04EC0-301F-11D3-BF4B-00C04F79EFBC}") = "Section01", "Chapter05\Section01\Section01.csproj", "{B89E3D30-73D7-4897-B349-57CA9327C78F}"
EndProject
Project("{FAE04EC0-301F-11D3-BF4B-00C04F79EFBC}") = "Section02", "Chapter05\Section02\Section02.csproj", "{511E2269-EED6-4EA4-A5E2-7D488D96A5B9}"
EndProject
Project("{FAE04EC0-301F-11D3-BF4B-00C04F79EFBC}") = "Exercise01", "Chapter05\演習問題\Exercise01\Exercise01.csproj", "{0CAEED8C-85D7-4ECC-A574-8BDDE9B2EF80}"
EndProject
Project("{FAE04EC0-301F-11D3-BF4B-00C04F79EFBC}") = "Exercise02", "Chapter05\演習問題\Exercise02\Exercise02.csproj", "{CC1B308F-D74C-4A2F-BC45-05573CB9E8A3}"
EndProject
Project("{2150E333-8FDC-42A3-9474-1A3956D46DE8}") = "Chapter08", "Chapter08", "{A327FE2D-775C-4462-8E14-15968CB04C1B}"
EndProject
Project("{2150E333-8FDC-42A3-9474-1A3956D46DE8}") = "演習問題", "演習問題", "{91BCFDD9-CC9A-47CF-BD67-F7934F719A17}"
EndProject
Project("{FAE04EC0-301F-11D3-BF4B-00C04F79EFBC}") = "Exercise01", "Chapter08\演習問題\Exercise01\Exercise01.csproj", "{9F897220-C44C-414B-B0D7-5AC5090A9DAC}"
EndProject
Project("{FAE04EC0-301F-11D3-BF4B-00C04F79EFBC}") = "PrefCapitalLocationSystem", "Chapter08\PrefCapitalLocationSystem\PrefCapitalLocationSystem.csproj", "{BA3B5C5E-D6A4-39ED-6760-036CDB62E249}"
EndProject
Project("{FAE04EC0-301F-11D3-BF4B-00C04F79EFBC}") = "Section03", "Chapter08\Section03\Section03.csproj", "{F3E6C3F0-8D67-4092-94E3-436F5B6244D1}"
EndProject
Project("{FAE04EC0-301F-11D3-BF4B-00C04F79EFBC}") = "Exercise02", "Chapter08\演習問題\Exercise02\Exercise02.csproj", "{72B96326-9DDE-4474-A03F-7ABE2834421C}"
EndProject
Project("{2150E333-8FDC-42A3-9474-1A3956D46DE8}") = "Test01", "Test01", "{AF0A74FB-8870-424F-AFA0-F053CE36C348}"
EndProject
Project("{FAE04EC0-301F-11D3-BF4B-00C04F79EFBC}") = "Test01", "Test01\Test01\Test01.csproj", "{6EF7678A-A725-F430-3097-30F090C0100A}"
EndProject
Project("{FAE04EC0-301F-11D3-BF4B-00C04F79EFBC}") = "Test02", "Test01\Test02\Test02.csproj", "{010D0C11-D6A2-3CA6-3281-4E0FD547EC2D}"
EndProject
Project("{2150E333-8FDC-42A3-9474-1A3956D46DE8}") = "Chapter09", "Chapter09", "{A9E16752-5B96-4824-B7BE-43AFD5E17AF4}"
EndProject
Project("{FAE04EC0-301F-11D3-BF4B-00C04F79EFBC}") = "Section01", "Chapter09\Section01\Section01.csproj", "{571037F5-33BB-437D-BC7E-95F844A84CEA}"
EndProject
Project("{2150E333-8FDC-42A3-9474-1A3956D46DE8}") = "演習問題", "演習問題", "{B0D6D062-6EF0-405F-88FA-8D2D3A5AA594}"
EndProject
Project("{FAE04EC0-301F-11D3-BF4B-00C04F79EFBC}") = "Exercise01", "Chapter09\演習問題\Exercise01\Exercise01.csproj", "{2730BBE6-5CF6-49E7-B1C3-31A182F00C7A}"
EndProject
Project("{FAE04EC0-301F-11D3-BF4B-00C04F79EFBC}") = "Exercise02", "Chapter09\演習問題\Exercise02\Exercise02.csproj", "{52442FBF-AB1E-12BC-8344-0695887AC3CB}"
EndProject
Project("{FAE04EC0-301F-11D3-BF4B-00C04F79EFBC}") = "Exercise03", "Chapter09\演習問題\Exercise03\Exercise03.csproj", "{13EA441B-E72F-5CA2-D5D4-B3F52139D7CF}"
EndProject
Project("{FAE04EC0-301F-11D3-BF4B-00C04F79EFBC}") = "CarReportSystem", "FormApps\CarReportSystem\CarReportSystem.csproj", "{945E05A7-5609-402C-8460-3401EE1A3385}"
EndProject
Project("{2150E333-8FDC-42A3-9474-1A3956D46DE8}") = "Chapter12", "Chapter12", "{1166EDD0-C975-4EAE-A95A-D4E02A6FF20F}"
EndProject
Project("{2150E333-8FDC-42A3-9474-1A3956D46DE8}") = "演習問題", "演習問題", "{3EE9DB76-8CCC-4F5B-AA02-19194D96AD21}"
EndProject
Project("{FAE04EC0-301F-11D3-BF4B-00C04F79EFBC}") = "Section01", "Chapter12\Section01\Section01.csproj", "{E903F4F5-D7F3-4FC1-9A0C-D4E398AC91D8}"
EndProject
Project("{FAE04EC0-301F-11D3-BF4B-00C04F79EFBC}") = "Exercise01", "Chapter12\演習問題\Exercise01\Exercise01.csproj", "{B4B01C5C-EA0C-4560-8428-18FFAC9AFDFA}"
EndProject
Global
	GlobalSection(SolutionConfigurationPlatforms) = preSolution
		Debug|Any CPU = Debug|Any CPU
		Release|Any CPU = Release|Any CPU
	EndGlobalSection
	GlobalSection(ProjectConfigurationPlatforms) = postSolution
		{26BB2910-01A5-466D-AD4F-4D963B8FE932}.Debug|Any CPU.ActiveCfg = Debug|Any CPU
		{26BB2910-01A5-466D-AD4F-4D963B8FE932}.Debug|Any CPU.Build.0 = Debug|Any CPU
		{26BB2910-01A5-466D-AD4F-4D963B8FE932}.Release|Any CPU.ActiveCfg = Release|Any CPU
		{26BB2910-01A5-466D-AD4F-4D963B8FE932}.Release|Any CPU.Build.0 = Release|Any CPU
		{B2E13073-854D-46D0-B856-7CF4E9C61DDE}.Debug|Any CPU.ActiveCfg = Debug|Any CPU
		{B2E13073-854D-46D0-B856-7CF4E9C61DDE}.Debug|Any CPU.Build.0 = Debug|Any CPU
		{B2E13073-854D-46D0-B856-7CF4E9C61DDE}.Release|Any CPU.ActiveCfg = Release|Any CPU
		{B2E13073-854D-46D0-B856-7CF4E9C61DDE}.Release|Any CPU.Build.0 = Release|Any CPU
		{AA45B8D9-68BD-4618-A03F-10EEC94FFE9A}.Debug|Any CPU.ActiveCfg = Debug|Any CPU
		{AA45B8D9-68BD-4618-A03F-10EEC94FFE9A}.Debug|Any CPU.Build.0 = Debug|Any CPU
		{AA45B8D9-68BD-4618-A03F-10EEC94FFE9A}.Release|Any CPU.ActiveCfg = Release|Any CPU
		{AA45B8D9-68BD-4618-A03F-10EEC94FFE9A}.Release|Any CPU.Build.0 = Release|Any CPU
		{EE3ABA68-FF7E-4368-AB22-14B072D909F5}.Debug|Any CPU.ActiveCfg = Debug|Any CPU
		{EE3ABA68-FF7E-4368-AB22-14B072D909F5}.Debug|Any CPU.Build.0 = Debug|Any CPU
		{EE3ABA68-FF7E-4368-AB22-14B072D909F5}.Release|Any CPU.ActiveCfg = Release|Any CPU
		{EE3ABA68-FF7E-4368-AB22-14B072D909F5}.Release|Any CPU.Build.0 = Release|Any CPU
		{F5972D75-45FA-4518-A685-12954C7E6DD1}.Debug|Any CPU.ActiveCfg = Debug|Any CPU
		{F5972D75-45FA-4518-A685-12954C7E6DD1}.Debug|Any CPU.Build.0 = Debug|Any CPU
		{F5972D75-45FA-4518-A685-12954C7E6DD1}.Release|Any CPU.ActiveCfg = Release|Any CPU
		{F5972D75-45FA-4518-A685-12954C7E6DD1}.Release|Any CPU.Build.0 = Release|Any CPU
		{7CCA7F05-ADD8-47F3-A058-3E014C8E96D3}.Debug|Any CPU.ActiveCfg = Debug|Any CPU
		{7CCA7F05-ADD8-47F3-A058-3E014C8E96D3}.Debug|Any CPU.Build.0 = Debug|Any CPU
		{7CCA7F05-ADD8-47F3-A058-3E014C8E96D3}.Release|Any CPU.ActiveCfg = Release|Any CPU
		{7CCA7F05-ADD8-47F3-A058-3E014C8E96D3}.Release|Any CPU.Build.0 = Release|Any CPU
		{E9EFD879-773B-4AE0-9C9F-7B8310D9DA9F}.Debug|Any CPU.ActiveCfg = Debug|Any CPU
		{E9EFD879-773B-4AE0-9C9F-7B8310D9DA9F}.Debug|Any CPU.Build.0 = Debug|Any CPU
		{E9EFD879-773B-4AE0-9C9F-7B8310D9DA9F}.Release|Any CPU.ActiveCfg = Release|Any CPU
		{E9EFD879-773B-4AE0-9C9F-7B8310D9DA9F}.Release|Any CPU.Build.0 = Release|Any CPU
		{6CE2130A-738B-4D24-9713-A54BDA21D6D4}.Debug|Any CPU.ActiveCfg = Debug|Any CPU
		{6CE2130A-738B-4D24-9713-A54BDA21D6D4}.Debug|Any CPU.Build.0 = Debug|Any CPU
		{6CE2130A-738B-4D24-9713-A54BDA21D6D4}.Release|Any CPU.ActiveCfg = Release|Any CPU
		{6CE2130A-738B-4D24-9713-A54BDA21D6D4}.Release|Any CPU.Build.0 = Release|Any CPU
		{B55F1F88-561E-446B-8CC8-E6ACC85CA23B}.Debug|Any CPU.ActiveCfg = Debug|Any CPU
		{B55F1F88-561E-446B-8CC8-E6ACC85CA23B}.Debug|Any CPU.Build.0 = Debug|Any CPU
		{B55F1F88-561E-446B-8CC8-E6ACC85CA23B}.Release|Any CPU.ActiveCfg = Release|Any CPU
		{B55F1F88-561E-446B-8CC8-E6ACC85CA23B}.Release|Any CPU.Build.0 = Release|Any CPU
		{4E87F026-8AC5-4996-9EC2-A19AB7E34039}.Debug|Any CPU.ActiveCfg = Debug|Any CPU
		{4E87F026-8AC5-4996-9EC2-A19AB7E34039}.Debug|Any CPU.Build.0 = Debug|Any CPU
		{4E87F026-8AC5-4996-9EC2-A19AB7E34039}.Release|Any CPU.ActiveCfg = Release|Any CPU
		{4E87F026-8AC5-4996-9EC2-A19AB7E34039}.Release|Any CPU.Build.0 = Release|Any CPU
		{D74C01C4-2CF7-42FE-84B5-3B7BC137D4DE}.Debug|Any CPU.ActiveCfg = Debug|Any CPU
		{D74C01C4-2CF7-42FE-84B5-3B7BC137D4DE}.Debug|Any CPU.Build.0 = Debug|Any CPU
		{D74C01C4-2CF7-42FE-84B5-3B7BC137D4DE}.Release|Any CPU.ActiveCfg = Release|Any CPU
		{D74C01C4-2CF7-42FE-84B5-3B7BC137D4DE}.Release|Any CPU.Build.0 = Release|Any CPU
		{DE52B527-7115-4292-AA62-FF765672A45F}.Debug|Any CPU.ActiveCfg = Debug|Any CPU
		{DE52B527-7115-4292-AA62-FF765672A45F}.Debug|Any CPU.Build.0 = Debug|Any CPU
		{DE52B527-7115-4292-AA62-FF765672A45F}.Release|Any CPU.ActiveCfg = Release|Any CPU
		{DE52B527-7115-4292-AA62-FF765672A45F}.Release|Any CPU.Build.0 = Release|Any CPU
		{66F0A54B-B906-4385-92AA-D16B329B3C51}.Debug|Any CPU.ActiveCfg = Debug|Any CPU
		{66F0A54B-B906-4385-92AA-D16B329B3C51}.Debug|Any CPU.Build.0 = Debug|Any CPU
		{66F0A54B-B906-4385-92AA-D16B329B3C51}.Release|Any CPU.ActiveCfg = Release|Any CPU
		{66F0A54B-B906-4385-92AA-D16B329B3C51}.Release|Any CPU.Build.0 = Release|Any CPU
		{C1C2D5DB-3B4E-4470-AF8C-53CC381C403F}.Debug|Any CPU.ActiveCfg = Debug|Any CPU
		{C1C2D5DB-3B4E-4470-AF8C-53CC381C403F}.Debug|Any CPU.Build.0 = Debug|Any CPU
		{C1C2D5DB-3B4E-4470-AF8C-53CC381C403F}.Release|Any CPU.ActiveCfg = Release|Any CPU
		{C1C2D5DB-3B4E-4470-AF8C-53CC381C403F}.Release|Any CPU.Build.0 = Release|Any CPU
		{D77BE842-BB61-408D-8DE0-8714790DBB19}.Debug|Any CPU.ActiveCfg = Debug|Any CPU
		{D77BE842-BB61-408D-8DE0-8714790DBB19}.Debug|Any CPU.Build.0 = Debug|Any CPU
		{D77BE842-BB61-408D-8DE0-8714790DBB19}.Release|Any CPU.ActiveCfg = Release|Any CPU
		{D77BE842-BB61-408D-8DE0-8714790DBB19}.Release|Any CPU.Build.0 = Release|Any CPU
		{38ECC6AF-0D01-4A03-853E-92F51A6AB3DE}.Debug|Any CPU.ActiveCfg = Debug|Any CPU
		{38ECC6AF-0D01-4A03-853E-92F51A6AB3DE}.Debug|Any CPU.Build.0 = Debug|Any CPU
		{38ECC6AF-0D01-4A03-853E-92F51A6AB3DE}.Release|Any CPU.ActiveCfg = Release|Any CPU
		{38ECC6AF-0D01-4A03-853E-92F51A6AB3DE}.Release|Any CPU.Build.0 = Release|Any CPU
		{5804AAEC-7B6A-449F-AD92-480B89F43F09}.Debug|Any CPU.ActiveCfg = Debug|Any CPU
		{5804AAEC-7B6A-449F-AD92-480B89F43F09}.Debug|Any CPU.Build.0 = Debug|Any CPU
		{5804AAEC-7B6A-449F-AD92-480B89F43F09}.Release|Any CPU.ActiveCfg = Release|Any CPU
		{5804AAEC-7B6A-449F-AD92-480B89F43F09}.Release|Any CPU.Build.0 = Release|Any CPU
		{765063F6-1121-4655-A204-74108437D802}.Debug|Any CPU.ActiveCfg = Debug|Any CPU
		{765063F6-1121-4655-A204-74108437D802}.Debug|Any CPU.Build.0 = Debug|Any CPU
		{765063F6-1121-4655-A204-74108437D802}.Release|Any CPU.ActiveCfg = Release|Any CPU
		{765063F6-1121-4655-A204-74108437D802}.Release|Any CPU.Build.0 = Release|Any CPU
		{649AB85D-1FA3-4065-97D0-D22A6FE0DFE4}.Debug|Any CPU.ActiveCfg = Debug|Any CPU
		{649AB85D-1FA3-4065-97D0-D22A6FE0DFE4}.Debug|Any CPU.Build.0 = Debug|Any CPU
		{649AB85D-1FA3-4065-97D0-D22A6FE0DFE4}.Release|Any CPU.ActiveCfg = Release|Any CPU
		{649AB85D-1FA3-4065-97D0-D22A6FE0DFE4}.Release|Any CPU.Build.0 = Release|Any CPU
		{E103F20A-CA01-49B5-B171-6DAC0C896F66}.Debug|Any CPU.ActiveCfg = Debug|Any CPU
		{E103F20A-CA01-49B5-B171-6DAC0C896F66}.Debug|Any CPU.Build.0 = Debug|Any CPU
		{E103F20A-CA01-49B5-B171-6DAC0C896F66}.Release|Any CPU.ActiveCfg = Release|Any CPU
		{E103F20A-CA01-49B5-B171-6DAC0C896F66}.Release|Any CPU.Build.0 = Release|Any CPU
		{1E955C62-F7A3-4439-BE9B-40F1F503FC63}.Debug|Any CPU.ActiveCfg = Debug|Any CPU
		{1E955C62-F7A3-4439-BE9B-40F1F503FC63}.Debug|Any CPU.Build.0 = Debug|Any CPU
		{1E955C62-F7A3-4439-BE9B-40F1F503FC63}.Release|Any CPU.ActiveCfg = Release|Any CPU
		{1E955C62-F7A3-4439-BE9B-40F1F503FC63}.Release|Any CPU.Build.0 = Release|Any CPU
		{C7E584E0-C993-4C9D-BA3B-A03CD2059051}.Debug|Any CPU.ActiveCfg = Debug|Any CPU
		{C7E584E0-C993-4C9D-BA3B-A03CD2059051}.Debug|Any CPU.Build.0 = Debug|Any CPU
		{C7E584E0-C993-4C9D-BA3B-A03CD2059051}.Release|Any CPU.ActiveCfg = Release|Any CPU
		{C7E584E0-C993-4C9D-BA3B-A03CD2059051}.Release|Any CPU.Build.0 = Release|Any CPU
		{9605B4B8-0A34-BDE4-CFD2-F49073E3B9EF}.Debug|Any CPU.ActiveCfg = Debug|Any CPU
		{9605B4B8-0A34-BDE4-CFD2-F49073E3B9EF}.Debug|Any CPU.Build.0 = Debug|Any CPU
		{9605B4B8-0A34-BDE4-CFD2-F49073E3B9EF}.Release|Any CPU.ActiveCfg = Release|Any CPU
		{9605B4B8-0A34-BDE4-CFD2-F49073E3B9EF}.Release|Any CPU.Build.0 = Release|Any CPU
		{8758FBDB-9295-0DA5-31B6-DA01667F06FB}.Debug|Any CPU.ActiveCfg = Debug|Any CPU
		{8758FBDB-9295-0DA5-31B6-DA01667F06FB}.Debug|Any CPU.Build.0 = Debug|Any CPU
		{8758FBDB-9295-0DA5-31B6-DA01667F06FB}.Release|Any CPU.ActiveCfg = Release|Any CPU
		{8758FBDB-9295-0DA5-31B6-DA01667F06FB}.Release|Any CPU.Build.0 = Release|Any CPU
		{7FAAA780-536C-4E6E-9A6C-300B007491BF}.Debug|Any CPU.ActiveCfg = Debug|Any CPU
		{7FAAA780-536C-4E6E-9A6C-300B007491BF}.Debug|Any CPU.Build.0 = Debug|Any CPU
		{7FAAA780-536C-4E6E-9A6C-300B007491BF}.Release|Any CPU.ActiveCfg = Release|Any CPU
		{7FAAA780-536C-4E6E-9A6C-300B007491BF}.Release|Any CPU.Build.0 = Release|Any CPU
		{B89E3D30-73D7-4897-B349-57CA9327C78F}.Debug|Any CPU.ActiveCfg = Debug|Any CPU
		{B89E3D30-73D7-4897-B349-57CA9327C78F}.Debug|Any CPU.Build.0 = Debug|Any CPU
		{B89E3D30-73D7-4897-B349-57CA9327C78F}.Release|Any CPU.ActiveCfg = Release|Any CPU
		{B89E3D30-73D7-4897-B349-57CA9327C78F}.Release|Any CPU.Build.0 = Release|Any CPU
		{511E2269-EED6-4EA4-A5E2-7D488D96A5B9}.Debug|Any CPU.ActiveCfg = Debug|Any CPU
		{511E2269-EED6-4EA4-A5E2-7D488D96A5B9}.Debug|Any CPU.Build.0 = Debug|Any CPU
		{511E2269-EED6-4EA4-A5E2-7D488D96A5B9}.Release|Any CPU.ActiveCfg = Release|Any CPU
		{511E2269-EED6-4EA4-A5E2-7D488D96A5B9}.Release|Any CPU.Build.0 = Release|Any CPU
		{0CAEED8C-85D7-4ECC-A574-8BDDE9B2EF80}.Debug|Any CPU.ActiveCfg = Debug|Any CPU
		{0CAEED8C-85D7-4ECC-A574-8BDDE9B2EF80}.Debug|Any CPU.Build.0 = Debug|Any CPU
		{0CAEED8C-85D7-4ECC-A574-8BDDE9B2EF80}.Release|Any CPU.ActiveCfg = Release|Any CPU
		{0CAEED8C-85D7-4ECC-A574-8BDDE9B2EF80}.Release|Any CPU.Build.0 = Release|Any CPU
		{CC1B308F-D74C-4A2F-BC45-05573CB9E8A3}.Debug|Any CPU.ActiveCfg = Debug|Any CPU
		{CC1B308F-D74C-4A2F-BC45-05573CB9E8A3}.Debug|Any CPU.Build.0 = Debug|Any CPU
		{CC1B308F-D74C-4A2F-BC45-05573CB9E8A3}.Release|Any CPU.ActiveCfg = Release|Any CPU
		{CC1B308F-D74C-4A2F-BC45-05573CB9E8A3}.Release|Any CPU.Build.0 = Release|Any CPU
		{9F897220-C44C-414B-B0D7-5AC5090A9DAC}.Debug|Any CPU.ActiveCfg = Debug|Any CPU
		{9F897220-C44C-414B-B0D7-5AC5090A9DAC}.Debug|Any CPU.Build.0 = Debug|Any CPU
		{9F897220-C44C-414B-B0D7-5AC5090A9DAC}.Release|Any CPU.ActiveCfg = Release|Any CPU
		{9F897220-C44C-414B-B0D7-5AC5090A9DAC}.Release|Any CPU.Build.0 = Release|Any CPU
		{BA3B5C5E-D6A4-39ED-6760-036CDB62E249}.Debug|Any CPU.ActiveCfg = Debug|Any CPU
		{BA3B5C5E-D6A4-39ED-6760-036CDB62E249}.Debug|Any CPU.Build.0 = Debug|Any CPU
		{BA3B5C5E-D6A4-39ED-6760-036CDB62E249}.Release|Any CPU.ActiveCfg = Release|Any CPU
		{BA3B5C5E-D6A4-39ED-6760-036CDB62E249}.Release|Any CPU.Build.0 = Release|Any CPU
		{F3E6C3F0-8D67-4092-94E3-436F5B6244D1}.Debug|Any CPU.ActiveCfg = Debug|Any CPU
		{F3E6C3F0-8D67-4092-94E3-436F5B6244D1}.Debug|Any CPU.Build.0 = Debug|Any CPU
		{F3E6C3F0-8D67-4092-94E3-436F5B6244D1}.Release|Any CPU.ActiveCfg = Release|Any CPU
		{F3E6C3F0-8D67-4092-94E3-436F5B6244D1}.Release|Any CPU.Build.0 = Release|Any CPU
		{72B96326-9DDE-4474-A03F-7ABE2834421C}.Debug|Any CPU.ActiveCfg = Debug|Any CPU
		{72B96326-9DDE-4474-A03F-7ABE2834421C}.Debug|Any CPU.Build.0 = Debug|Any CPU
		{72B96326-9DDE-4474-A03F-7ABE2834421C}.Release|Any CPU.ActiveCfg = Release|Any CPU
		{72B96326-9DDE-4474-A03F-7ABE2834421C}.Release|Any CPU.Build.0 = Release|Any CPU
		{6EF7678A-A725-F430-3097-30F090C0100A}.Debug|Any CPU.ActiveCfg = Debug|Any CPU
		{6EF7678A-A725-F430-3097-30F090C0100A}.Debug|Any CPU.Build.0 = Debug|Any CPU
		{6EF7678A-A725-F430-3097-30F090C0100A}.Release|Any CPU.ActiveCfg = Release|Any CPU
		{6EF7678A-A725-F430-3097-30F090C0100A}.Release|Any CPU.Build.0 = Release|Any CPU
		{010D0C11-D6A2-3CA6-3281-4E0FD547EC2D}.Debug|Any CPU.ActiveCfg = Debug|Any CPU
		{010D0C11-D6A2-3CA6-3281-4E0FD547EC2D}.Debug|Any CPU.Build.0 = Debug|Any CPU
		{010D0C11-D6A2-3CA6-3281-4E0FD547EC2D}.Release|Any CPU.ActiveCfg = Release|Any CPU
		{010D0C11-D6A2-3CA6-3281-4E0FD547EC2D}.Release|Any CPU.Build.0 = Release|Any CPU
		{571037F5-33BB-437D-BC7E-95F844A84CEA}.Debug|Any CPU.ActiveCfg = Debug|Any CPU
		{571037F5-33BB-437D-BC7E-95F844A84CEA}.Debug|Any CPU.Build.0 = Debug|Any CPU
		{571037F5-33BB-437D-BC7E-95F844A84CEA}.Release|Any CPU.ActiveCfg = Release|Any CPU
		{571037F5-33BB-437D-BC7E-95F844A84CEA}.Release|Any CPU.Build.0 = Release|Any CPU
		{2730BBE6-5CF6-49E7-B1C3-31A182F00C7A}.Debug|Any CPU.ActiveCfg = Debug|Any CPU
		{2730BBE6-5CF6-49E7-B1C3-31A182F00C7A}.Debug|Any CPU.Build.0 = Debug|Any CPU
		{2730BBE6-5CF6-49E7-B1C3-31A182F00C7A}.Release|Any CPU.ActiveCfg = Release|Any CPU
		{2730BBE6-5CF6-49E7-B1C3-31A182F00C7A}.Release|Any CPU.Build.0 = Release|Any CPU
		{52442FBF-AB1E-12BC-8344-0695887AC3CB}.Debug|Any CPU.ActiveCfg = Debug|Any CPU
		{52442FBF-AB1E-12BC-8344-0695887AC3CB}.Debug|Any CPU.Build.0 = Debug|Any CPU
		{52442FBF-AB1E-12BC-8344-0695887AC3CB}.Release|Any CPU.ActiveCfg = Release|Any CPU
		{52442FBF-AB1E-12BC-8344-0695887AC3CB}.Release|Any CPU.Build.0 = Release|Any CPU
		{13EA441B-E72F-5CA2-D5D4-B3F52139D7CF}.Debug|Any CPU.ActiveCfg = Debug|Any CPU
		{13EA441B-E72F-5CA2-D5D4-B3F52139D7CF}.Debug|Any CPU.Build.0 = Debug|Any CPU
		{13EA441B-E72F-5CA2-D5D4-B3F52139D7CF}.Release|Any CPU.ActiveCfg = Release|Any CPU
		{13EA441B-E72F-5CA2-D5D4-B3F52139D7CF}.Release|Any CPU.Build.0 = Release|Any CPU
		{945E05A7-5609-402C-8460-3401EE1A3385}.Debug|Any CPU.ActiveCfg = Debug|Any CPU
		{945E05A7-5609-402C-8460-3401EE1A3385}.Debug|Any CPU.Build.0 = Debug|Any CPU
		{945E05A7-5609-402C-8460-3401EE1A3385}.Release|Any CPU.ActiveCfg = Release|Any CPU
		{945E05A7-5609-402C-8460-3401EE1A3385}.Release|Any CPU.Build.0 = Release|Any CPU
		{E903F4F5-D7F3-4FC1-9A0C-D4E398AC91D8}.Debug|Any CPU.ActiveCfg = Debug|Any CPU
		{E903F4F5-D7F3-4FC1-9A0C-D4E398AC91D8}.Debug|Any CPU.Build.0 = Debug|Any CPU
		{E903F4F5-D7F3-4FC1-9A0C-D4E398AC91D8}.Release|Any CPU.ActiveCfg = Release|Any CPU
		{E903F4F5-D7F3-4FC1-9A0C-D4E398AC91D8}.Release|Any CPU.Build.0 = Release|Any CPU
		{B4B01C5C-EA0C-4560-8428-18FFAC9AFDFA}.Debug|Any CPU.ActiveCfg = Debug|Any CPU
		{B4B01C5C-EA0C-4560-8428-18FFAC9AFDFA}.Debug|Any CPU.Build.0 = Debug|Any CPU
		{B4B01C5C-EA0C-4560-8428-18FFAC9AFDFA}.Release|Any CPU.ActiveCfg = Release|Any CPU
		{B4B01C5C-EA0C-4560-8428-18FFAC9AFDFA}.Release|Any CPU.Build.0 = Release|Any CPU
	EndGlobalSection
	GlobalSection(SolutionProperties) = preSolution
		HideSolutionNode = FALSE
	EndGlobalSection
	GlobalSection(NestedProjects) = preSolution
		{26BB2910-01A5-466D-AD4F-4D963B8FE932} = {DDB4EF12-CC4E-5E88-E6FC-71A802F4DE97}
		{B2E13073-854D-46D0-B856-7CF4E9C61DDE} = {45D24EC0-FE8C-4AED-A599-EA3EB3B84484}
		{4D25C4EA-F807-4809-A2A9-A5EDB038F850} = {B48033F8-D5B5-45B8-BB0F-C23FCEA5B61F}
		{AA45B8D9-68BD-4618-A03F-10EEC94FFE9A} = {4D25C4EA-F807-4809-A2A9-A5EDB038F850}
		{45D24EC0-FE8C-4AED-A599-EA3EB3B84484} = {B48033F8-D5B5-45B8-BB0F-C23FCEA5B61F}
		{EE3ABA68-FF7E-4368-AB22-14B072D909F5} = {D7AA9B76-5DA8-4855-9D38-10CC93682B4F}
		{F5972D75-45FA-4518-A685-12954C7E6DD1} = {D7AA9B76-5DA8-4855-9D38-10CC93682B4F}
		{F51C61B4-7F74-471B-BB66-90CA707DC295} = {B48033F8-D5B5-45B8-BB0F-C23FCEA5B61F}
		{7CCA7F05-ADD8-47F3-A058-3E014C8E96D3} = {F51C61B4-7F74-471B-BB66-90CA707DC295}
		{E9EFD879-773B-4AE0-9C9F-7B8310D9DA9F} = {4D25C4EA-F807-4809-A2A9-A5EDB038F850}
		{6CE2130A-738B-4D24-9713-A54BDA21D6D4} = {A8D4A5E7-0DA7-4D16-8432-1C619CC0943E}
		{215D8BF4-5BDC-4B50-9CE7-F8F2B50651E1} = {A8D4A5E7-0DA7-4D16-8432-1C619CC0943E}
		{B55F1F88-561E-446B-8CC8-E6ACC85CA23B} = {215D8BF4-5BDC-4B50-9CE7-F8F2B50651E1}
		{4E87F026-8AC5-4996-9EC2-A19AB7E34039} = {A8D4A5E7-0DA7-4D16-8432-1C619CC0943E}
		{D74C01C4-2CF7-42FE-84B5-3B7BC137D4DE} = {215D8BF4-5BDC-4B50-9CE7-F8F2B50651E1}
		{DE52B527-7115-4292-AA62-FF765672A45F} = {1626936F-7E69-4DB7-8129-10E7BE8B4DDC}
		{5BA530F1-B48E-4FE6-9AF7-01A945831818} = {1626936F-7E69-4DB7-8129-10E7BE8B4DDC}
		{66F0A54B-B906-4385-92AA-D16B329B3C51} = {5BA530F1-B48E-4FE6-9AF7-01A945831818}
		{C1C2D5DB-3B4E-4470-AF8C-53CC381C403F} = {5BA530F1-B48E-4FE6-9AF7-01A945831818}
		{D77BE842-BB61-408D-8DE0-8714790DBB19} = {9D51476F-5474-4BB3-83D5-B06EBDB79F0F}
		{C5B8DC8F-24FE-4CF0-B69A-53EF836561EC} = {A804472E-687E-4A26-B293-97DA1763802A}
		{38ECC6AF-0D01-4A03-853E-92F51A6AB3DE} = {C5B8DC8F-24FE-4CF0-B69A-53EF836561EC}
		{5804AAEC-7B6A-449F-AD92-480B89F43F09} = {A804472E-687E-4A26-B293-97DA1763802A}
		{765063F6-1121-4655-A204-74108437D802} = {A804472E-687E-4A26-B293-97DA1763802A}
		{649AB85D-1FA3-4065-97D0-D22A6FE0DFE4} = {C5B8DC8F-24FE-4CF0-B69A-53EF836561EC}
		{E103F20A-CA01-49B5-B171-6DAC0C896F66} = {CE6BFAF8-D85C-442D-A1AF-97FF5415A7C8}
		{AD541B83-7237-48BE-B22F-1BD8AB8FBC91} = {CE6BFAF8-D85C-442D-A1AF-97FF5415A7C8}
		{1E955C62-F7A3-4439-BE9B-40F1F503FC63} = {AD541B83-7237-48BE-B22F-1BD8AB8FBC91}
		{C7E584E0-C993-4C9D-BA3B-A03CD2059051} = {AD541B83-7237-48BE-B22F-1BD8AB8FBC91}
		{9605B4B8-0A34-BDE4-CFD2-F49073E3B9EF} = {AD541B83-7237-48BE-B22F-1BD8AB8FBC91}
		{8758FBDB-9295-0DA5-31B6-DA01667F06FB} = {AD541B83-7237-48BE-B22F-1BD8AB8FBC91}
		{7FAAA780-536C-4E6E-9A6C-300B007491BF} = {CE6BFAF8-D85C-442D-A1AF-97FF5415A7C8}
		{830426C5-C71F-484A-B14C-F6890BDA4B14} = {EF10626E-6DCD-4E09-8C3D-445CC5003029}
		{B89E3D30-73D7-4897-B349-57CA9327C78F} = {EF10626E-6DCD-4E09-8C3D-445CC5003029}
		{511E2269-EED6-4EA4-A5E2-7D488D96A5B9} = {EF10626E-6DCD-4E09-8C3D-445CC5003029}
		{0CAEED8C-85D7-4ECC-A574-8BDDE9B2EF80} = {830426C5-C71F-484A-B14C-F6890BDA4B14}
		{CC1B308F-D74C-4A2F-BC45-05573CB9E8A3} = {830426C5-C71F-484A-B14C-F6890BDA4B14}
		{91BCFDD9-CC9A-47CF-BD67-F7934F719A17} = {A327FE2D-775C-4462-8E14-15968CB04C1B}
		{9F897220-C44C-414B-B0D7-5AC5090A9DAC} = {91BCFDD9-CC9A-47CF-BD67-F7934F719A17}
		{BA3B5C5E-D6A4-39ED-6760-036CDB62E249} = {A327FE2D-775C-4462-8E14-15968CB04C1B}
		{F3E6C3F0-8D67-4092-94E3-436F5B6244D1} = {A327FE2D-775C-4462-8E14-15968CB04C1B}
		{72B96326-9DDE-4474-A03F-7ABE2834421C} = {91BCFDD9-CC9A-47CF-BD67-F7934F719A17}
		{6EF7678A-A725-F430-3097-30F090C0100A} = {AF0A74FB-8870-424F-AFA0-F053CE36C348}
		{010D0C11-D6A2-3CA6-3281-4E0FD547EC2D} = {AF0A74FB-8870-424F-AFA0-F053CE36C348}
		{571037F5-33BB-437D-BC7E-95F844A84CEA} = {A9E16752-5B96-4824-B7BE-43AFD5E17AF4}
		{B0D6D062-6EF0-405F-88FA-8D2D3A5AA594} = {A9E16752-5B96-4824-B7BE-43AFD5E17AF4}
		{2730BBE6-5CF6-49E7-B1C3-31A182F00C7A} = {B0D6D062-6EF0-405F-88FA-8D2D3A5AA594}
		{52442FBF-AB1E-12BC-8344-0695887AC3CB} = {B0D6D062-6EF0-405F-88FA-8D2D3A5AA594}
		{13EA441B-E72F-5CA2-D5D4-B3F52139D7CF} = {B0D6D062-6EF0-405F-88FA-8D2D3A5AA594}
		{945E05A7-5609-402C-8460-3401EE1A3385} = {D7AA9B76-5DA8-4855-9D38-10CC93682B4F}
		{3EE9DB76-8CCC-4F5B-AA02-19194D96AD21} = {1166EDD0-C975-4EAE-A95A-D4E02A6FF20F}
		{E903F4F5-D7F3-4FC1-9A0C-D4E398AC91D8} = {1166EDD0-C975-4EAE-A95A-D4E02A6FF20F}
		{B4B01C5C-EA0C-4560-8428-18FFAC9AFDFA} = {3EE9DB76-8CCC-4F5B-AA02-19194D96AD21}
	EndGlobalSection
	GlobalSection(ExtensibilityGlobals) = postSolution
		SolutionGuid = {DF52C180-5FFB-4FF1-A5E9-B49E2C819C07}
	EndGlobalSection
EndGlobal
